
Microsoft Visual Studio Solution File, Format Version 12.00
# Visual Studio Version 16
VisualStudioVersion = 16.0.31019.194
MinimumVisualStudioVersion = 10.0.40219.1
Project("{9A19103F-16F7-4668-BE54-9A1E7A4F7556}") = "MySimpleApi", "MySimpleApi\MySimpleApi.csproj", "{4D042189-BED0-463C-B645-B932C4A056D7}"
EndProject
Project("{9A19103F-16F7-4668-BE54-9A1E7A4F7556}") = "Models", "Models\Models.csproj", "{26DCC186-893C-4C03-AFD9-8D17F10F72BC}"
EndProject
Project("{9A19103F-16F7-4668-BE54-9A1E7A4F7556}") = "Data", "Data\Data.csproj", "{7CFBBCAD-4DA6-4303-9D26-F51CA64FCFC7}"
EndProject
Project("{9A19103F-16F7-4668-BE54-9A1E7A4F7556}") = "Business", "Business\Business.csproj", "{0BDF19C9-EA91-40E2-8E4F-7A4D17773CB6}"
EndProject
Project("{FAE04EC0-301F-11D3-BF4B-00C04F79EFBC}") = "Tests", "Tests\Tests.csproj", "{367B873E-0172-4CB6-8696-E6C43628F146}"
EndProject
Global
	GlobalSection(SolutionConfigurationPlatforms) = preSolution
		Debug|Any CPU = Debug|Any CPU
		Release|Any CPU = Release|Any CPU
	EndGlobalSection
	GlobalSection(ProjectConfigurationPlatforms) = postSolution
		{4D042189-BED0-463C-B645-B932C4A056D7}.Debug|Any CPU.ActiveCfg = Debug|Any CPU
		{4D042189-BED0-463C-B645-B932C4A056D7}.Debug|Any CPU.Build.0 = Debug|Any CPU
		{4D042189-BED0-463C-B645-B932C4A056D7}.Release|Any CPU.ActiveCfg = Release|Any CPU
		{4D042189-BED0-463C-B645-B932C4A056D7}.Release|Any CPU.Build.0 = Release|Any CPU
		{26DCC186-893C-4C03-AFD9-8D17F10F72BC}.Debug|Any CPU.ActiveCfg = Debug|Any CPU
		{26DCC186-893C-4C03-AFD9-8D17F10F72BC}.Debug|Any CPU.Build.0 = Debug|Any CPU
		{26DCC186-893C-4C03-AFD9-8D17F10F72BC}.Release|Any CPU.ActiveCfg = Release|Any CPU
		{26DCC186-893C-4C03-AFD9-8D17F10F72BC}.Release|Any CPU.Build.0 = Release|Any CPU
		{7CFBBCAD-4DA6-4303-9D26-F51CA64FCFC7}.Debug|Any CPU.ActiveCfg = Debug|Any CPU
		{7CFBBCAD-4DA6-4303-9D26-F51CA64FCFC7}.Debug|Any CPU.Build.0 = Debug|Any CPU
		{7CFBBCAD-4DA6-4303-9D26-F51CA64FCFC7}.Release|Any CPU.ActiveCfg = Release|Any CPU
		{7CFBBCAD-4DA6-4303-9D26-F51CA64FCFC7}.Release|Any CPU.Build.0 = Release|Any CPU
		{0BDF19C9-EA91-40E2-8E4F-7A4D17773CB6}.Debug|Any CPU.ActiveCfg = Debug|Any CPU
		{0BDF19C9-EA91-40E2-8E4F-7A4D17773CB6}.Debug|Any CPU.Build.0 = Debug|Any CPU
		{0BDF19C9-EA91-40E2-8E4F-7A4D17773CB6}.Release|Any CPU.ActiveCfg = Release|Any CPU
		{0BDF19C9-EA91-40E2-8E4F-7A4D17773CB6}.Release|Any CPU.Build.0 = Release|Any CPU
		{367B873E-0172-4CB6-8696-E6C43628F146}.Debug|Any CPU.ActiveCfg = Debug|Any CPU
		{367B873E-0172-4CB6-8696-E6C43628F146}.Debug|Any CPU.Build.0 = Debug|Any CPU
		{367B873E-0172-4CB6-8696-E6C43628F146}.Release|Any CPU.ActiveCfg = Release|Any CPU
		{367B873E-0172-4CB6-8696-E6C43628F146}.Release|Any CPU.Build.0 = Release|Any CPU
	EndGlobalSection
	GlobalSection(SolutionProperties) = preSolution
		HideSolutionNode = FALSE
	EndGlobalSection
	GlobalSection(ExtensibilityGlobals) = postSolution
		SolutionGuid = {8035B0B7-65DC-4D18-A76A-65AD140A38FC}
	EndGlobalSection
EndGlobal
